
Microsoft Visual Studio Solution File, Format Version 12.00
# Visual Studio Version 17
VisualStudioVersion = 17.2.32519.379
MinimumVisualStudioVersion = 10.0.40219.1
Project("{888888A0-9F3D-457C-B088-3A5042F75D52}") = "Pollock", "Pollock.pyproj", "{8A94F7AD-14A7-4304-8576-ECD798CF9B8E}"
EndProject
Global
	GlobalSection(SolutionConfigurationPlatforms) = preSolution
		Debug|Any CPU = Debug|Any CPU
		Release|Any CPU = Release|Any CPU
	EndGlobalSection
	GlobalSection(ProjectConfigurationPlatforms) = postSolution
		{8A94F7AD-14A7-4304-8576-ECD798CF9B8E}.Debug|Any CPU.ActiveCfg = Debug|Any CPU
		{8A94F7AD-14A7-4304-8576-ECD798CF9B8E}.Debug|Any CPU.Build.0 = Debug|Any CPU
		{8A94F7AD-14A7-4304-8576-ECD798CF9B8E}.Release|Any CPU.ActiveCfg = Release|Any CPU
		{8A94F7AD-14A7-4304-8576-ECD798CF9B8E}.Release|Any CPU.Build.0 = Release|Any CPU
	EndGlobalSection
	GlobalSection(SolutionProperties) = preSolution
		HideSolutionNode = FALSE
	EndGlobalSection
	GlobalSection(ExtensibilityGlobals) = postSolution
		SolutionGuid = {C2E6458D-4C52-4F03-814A-E1E83A8BF428}
	EndGlobalSection
EndGlobal
